
Microsoft Visual Studio Solution File, Format Version 12.00
# Visual Studio Version 17
VisualStudioVersion = 17.11.35327.3
MinimumVisualStudioVersion = 10.0.40219.1
Project("{8BC9CEB8-8B4A-11D0-8D11-00A0C91BC942}") = "HW30_task1", "HW30_task1.vcxproj", "{684629F6-835A-4199-BE07-E84F43DA39BA}"
EndProject
Global
	GlobalSection(SolutionConfigurationPlatforms) = preSolution
		Debug|x64 = Debug|x64
		Debug|x86 = Debug|x86
		Release|x64 = Release|x64
		Release|x86 = Release|x86
	EndGlobalSection
	GlobalSection(ProjectConfigurationPlatforms) = postSolution
		{684629F6-835A-4199-BE07-E84F43DA39BA}.Debug|x64.ActiveCfg = Debug|x64
		{684629F6-835A-4199-BE07-E84F43DA39BA}.Debug|x64.Build.0 = Debug|x64
		{684629F6-835A-4199-BE07-E84F43DA39BA}.Debug|x86.ActiveCfg = Debug|Win32
		{684629F6-835A-4199-BE07-E84F43DA39BA}.Debug|x86.Build.0 = Debug|Win32
		{684629F6-835A-4199-BE07-E84F43DA39BA}.Release|x64.ActiveCfg = Release|x64
		{684629F6-835A-4199-BE07-E84F43DA39BA}.Release|x64.Build.0 = Release|x64
		{684629F6-835A-4199-BE07-E84F43DA39BA}.Release|x86.ActiveCfg = Release|Win32
		{684629F6-835A-4199-BE07-E84F43DA39BA}.Release|x86.Build.0 = Release|Win32
	EndGlobalSection
	GlobalSection(SolutionProperties) = preSolution
		HideSolutionNode = FALSE
	EndGlobalSection
	GlobalSection(ExtensibilityGlobals) = postSolution
		SolutionGuid = {D92C5BC3-8F0B-4021-9BBB-9B10F2B36DDD}
	EndGlobalSection
EndGlobal
